{
  "name": "@voxpelli/ast-grep-rules",
  "version": "0.1.0",
  "lockfileVersion": 3,
  "requires": true,
  "packages": {
    "": {
      "name": "@voxpelli/ast-grep-rules",
      "version": "0.1.0",
      "license": "MIT",
      "devDependencies": {
        "@ast-grep/cli": "^0.45.0"
      },
      "engines": {
        "node": "^22.13.0 || >=24"
      }
    },
    "node_modules/@ast-grep/cli": {
      "version": "0.45.0",
      "resolved": "https://registry.npmjs.org/@ast-grep/cli/-/cli-0.45.0.tgz",
      "integrity": "sha512-OQ4pcktMtg1hcQat/iCpX9r8HJ7mU/2SZVoGHA9id2gEfosvDw5m5RINQXsSRZXQW8bl45FW6FhdK0O2FiKjsw==",
      "dev": true,
      "hasInstallScript": true,
      "license": "MIT",
      "dependencies": {
        "detect-libc": "2.1.2"
      },
      "bin": {
        "ast-grep": "ast-grep",
        "sg": "sg"
      },
      "engines": {
        "node": ">= 12.0.0"
      },
      "optionalDependencies": {
        "@ast-grep/cli-darwin-arm64": "0.45.0",
        "@ast-grep/cli-darwin-x64": "0.45.0",
        "@ast-grep/cli-linux-arm64-gnu": "0.45.0",
        "@ast-grep/cli-linux-x64-gnu": "0.45.0",
        "@ast-grep/cli-win32-arm64-msvc": "0.45.0",
        "@ast-grep/cli-win32-ia32-msvc": "0.45.0",
        "@ast-grep/cli-win32-x64-msvc": "0.45.0"
      }
    },
    "node_modules/@ast-grep/cli-darwin-arm64": {
      "version": "0.45.0",
      "resolved": "https://registry.npmjs.org/@ast-grep/cli-darwin-arm64/-/cli-darwin-arm64-0.45.0.tgz",
      "integrity": "sha512-/GqKTawC6/g9k+NDr0u3PvJ0LJkmY5NH4GfvwrgmB8HjRVOoUXWQx5vVzZoEVrAcTogfNWEMs4I5Gdh+glQvPw==",
      "cpu": [
        "arm64"
      ],
      "dev": true,
      "license": "MIT",
      "optional": true,
      "os": [
        "darwin"
      ],
      "engines": {
        "node": ">= 10"
      }
    },
    "node_modules/@ast-grep/cli-darwin-x64": {
      "version": "0.45.0",
      "resolved": "https://registry.npmjs.org/@ast-grep/cli-darwin-x64/-/cli-darwin-x64-0.45.0.tgz",
      "integrity": "sha512-SvcLPpOX2HaPepwuuSzTRdnrlcaVprQGdwuoW00+KWRjGZJj5z0WGIY84wjfTYhzUxaN5+z4GlCwLGgn0ojMzw==",
      "cpu": [
        "x64"
      ],
      "dev": true,
      "license": "MIT",
      "optional": true,
      "os": [
        "darwin"
      ],
      "engines": {
        "node": ">= 10"
      }
    },
    "node_modules/@ast-grep/cli-linux-arm64-gnu": {
      "version": "0.45.0",
      "resolved": "https://registry.npmjs.org/@ast-grep/cli-linux-arm64-gnu/-/cli-linux-arm64-gnu-0.45.0.tgz",
      "integrity": "sha512-N0vVTmASn/YR76BoY1zrIltLJ+PJ/zOv2aszX51Wym1ZA6P75tUPctofXh6KzEpESMdx2DcIDyDWVRi672SaQQ==",
      "cpu": [
        "arm64"
      ],
      "dev": true,
      "libc": [
        "glibc"
      ],
      "license": "MIT",
      "optional": true,
      "os": [
        "linux"
      ],
      "engines": {
        "node": ">= 10"
      }
    },
    "node_modules/@ast-grep/cli-linux-x64-gnu": {
      "version": "0.45.0",
      "resolved": "https://registry.npmjs.org/@ast-grep/cli-linux-x64-gnu/-/cli-linux-x64-gnu-0.45.0.tgz",
      "integrity": "sha512-rAMZJzAiBuXMViuJgdPeMZXI9HnqwMCh3ybIoj8dfWBPsAywKgU8vyH4kd/R5fFr/oB4lKVhTJ2/mEBsOQTHaQ==",
      "cpu": [
        "x64"
      ],
      "dev": true,
      "libc": [
        "glibc"
      ],
      "license": "MIT",
      "optional": true,
      "os": [
        "linux"
      ],
      "engines": {
        "node": ">= 10"
      }
    },
    "node_modules/@ast-grep/cli-win32-arm64-msvc": {
      "version": "0.45.0",
      "resolved": "https://registry.npmjs.org/@ast-grep/cli-win32-arm64-msvc/-/cli-win32-arm64-msvc-0.45.0.tgz",
      "integrity": "sha512-9RMvGHSE7uMGzlrQ296caPUkF5jX3KcWewyUJLqpxtEQVwZUkJ7R2/rSxBhjZeg7dp1+keIgt/vH/7FyIO5Wwg==",
      "cpu": [
        "arm64"
      ],
      "dev": true,
      "license": "MIT",
      "optional": true,
      "os": [
        "win32"
      ],
      "engines": {
        "node": ">= 10"
      }
    },
    "node_modules/@ast-grep/cli-win32-ia32-msvc": {
      "version": "0.45.0",
      "resolved": "https://registry.npmjs.org/@ast-grep/cli-win32-ia32-msvc/-/cli-win32-ia32-msvc-0.45.0.tgz",
      "integrity": "sha512-jkQtIpWYJcorhfoRh99cMyeK+edAaysF2z2MR3bRdCDE8EcNfWfqGuWDcLInXwFWFX739dQ6rq9ev3e9o+owXA==",
      "cpu": [
        "ia32"
      ],
      "dev": true,
      "license": "MIT",
      "optional": true,
      "os": [
        "win32"
      ],
      "engines": {
        "node": ">= 10"
      }
    },
    "node_modules/@ast-grep/cli-win32-x64-msvc": {
      "version": "0.45.0",
      "resolved": "https://registry.npmjs.org/@ast-grep/cli-win32-x64-msvc/-/cli-win32-x64-msvc-0.45.0.tgz",
      "integrity": "sha512-2okmFrV/NP1qBATV21+pFIFiUlh5QbKNzTjCTyuaOhCzt0TwYao/RF5b2VUfsvBMtLqYj4rz69GvcPikznskfg==",
      "cpu": [
        "x64"
      ],
      "dev": true,
      "license": "MIT",
      "optional": true,
      "os": [
        "win32"
      ],
      "engines": {
        "node": ">= 10"
      }
    },
    "node_modules/detect-libc": {
      "version": "2.1.2",
      "resolved": "https://registry.npmjs.org/detect-libc/-/detect-libc-2.1.2.tgz",
      "integrity": "sha512-Btj2BOOO83o3WyH59e8MgXsxEQVcarkUOpEYrubB0urwnN10yQ364rsiByU11nZlqWYZm05i/of7io4mzihBtQ==",
      "dev": true,
      "license": "Apache-2.0",
      "engines": {
        "node": ">=8"
      }
    }
  }
}
